
Microsoft Visual Studio Solution File, Format Version 12.00
# Visual Studio Version 16
VisualStudioVersion = 16.0.33027.164
MinimumVisualStudioVersion = 10.0.40219.1
Project("{9A19103F-16F7-4668-BE54-9A1E7A4F7556}") = "AnimalShelter", "AnimalShelter\AnimalShelter.csproj", "{2ACEC0DD-80CE-45DB-A1E2-6590137B111C}"
EndProject
Global
	GlobalSection(SolutionConfigurationPlatforms) = preSolution
		Debug|Any CPU = Debug|Any CPU
		Release|Any CPU = Release|Any CPU
	EndGlobalSection
	GlobalSection(ProjectConfigurationPlatforms) = postSolution
		{2ACEC0DD-80CE-45DB-A1E2-6590137B111C}.Debug|Any CPU.ActiveCfg = Debug|Any CPU
		{2ACEC0DD-80CE-45DB-A1E2-6590137B111C}.Debug|Any CPU.Build.0 = Debug|Any CPU
		{2ACEC0DD-80CE-45DB-A1E2-6590137B111C}.Release|Any CPU.ActiveCfg = Release|Any CPU
		{2ACEC0DD-80CE-45DB-A1E2-6590137B111C}.Release|Any CPU.Build.0 = Release|Any CPU
	EndGlobalSection
	GlobalSection(SolutionProperties) = preSolution
		HideSolutionNode = FALSE
	EndGlobalSection
	GlobalSection(ExtensibilityGlobals) = postSolution
		SolutionGuid = {FD4D20CF-C885-4574-8C55-98D3F05FFB1A}
	EndGlobalSection
EndGlobal
